// !$*UTF8*$!
{
	archiveVersion = 1;
	classes = {
	};
	objectVersion = 46;
	objects = {

/* Begin PBXBuildFile section */
		8630E59D1F556D5C00C15467 /* JsonParserDemoModel.m in Sources */ = {isa = PBXBuildFile; fileRef = 8630E59C1F556D5C00C15467 /* JsonParserDemoModel.m */; };
		8630E5B91F55737E00C15467 /* JsonParser.m in Sources */ = {isa = PBXBuildFile; fileRef = 8630E5A11F55737E00C15467 /* JsonParser.m */; };
		8630E5BA1F55737E00C15467 /* JsonParserFormat.m in Sources */ = {isa = PBXBuildFile; fileRef = 8630E5A31F55737E00C15467 /* JsonParserFormat.m */; };
		8630E5BB1F55737E00C15467 /* JsonParseTool.m in Sources */ = {isa = PBXBuildFile; fileRef = 8630E5A51F55737E00C15467 /* JsonParseTool.m */; };
		8630E5BC1F55737E00C15467 /* JsonParserArrayValue.m in Sources */ = {isa = PBXBuildFile; fileRef = 8630E5A91F55737E00C15467 /* JsonParserArrayValue.m */; };
		8630E5BD1F55737E00C15467 /* JsonParserDicValue.m in Sources */ = {isa = PBXBuildFile; fileRef = 8630E5AB1F55737E00C15467 /* JsonParserDicValue.m */; };
		8630E5BE1F55737E00C15467 /* JsonParserNumberValue.m in Sources */ = {isa = PBXBuildFile; fileRef = 8630E5AD1F55737E00C15467 /* JsonParserNumberValue.m */; };
		8630E5BF1F55737E00C15467 /* JsonParserStringBooleanBoolValue.m in Sources */ = {isa = PBXBuildFile; fileRef = 8630E5AF1F55737E00C15467 /* JsonParserStringBooleanBoolValue.m */; };
		8630E5C01F55737E00C15467 /* JsonParserStringIntergeValue.m in Sources */ = {isa = PBXBuildFile; fileRef = 8630E5B11F55737E00C15467 /* JsonParserStringIntergeValue.m */; };
		8630E5C11F55737E00C15467 /* JsonParserStringNumberBoolValue.m in Sources */ = {isa = PBXBuildFile; fileRef = 8630E5B31F55737E00C15467 /* JsonParserStringNumberBoolValue.m */; };
		8630E5C21F55737E00C15467 /* JsonParserStringValue.m in Sources */ = {isa = PBXBuildFile; fileRef = 8630E5B51F55737E00C15467 /* JsonParserStringValue.m */; };
		8630E5C31F55737E00C15467 /* JsonParserValueProcess.m in Sources */ = {isa = PBXBuildFile; fileRef = 8630E5B71F55737E00C15467 /* JsonParserValueProcess.m */; };
		8670E38D1F45B3B900BC4A8F /* main.m in Sources */ = {isa = PBXBuildFile; fileRef = 8670E38C1F45B3B900BC4A8F /* main.m */; };
		8670E3901F45B3B900BC4A8F /* AppDelegate.m in Sources */ = {isa = PBXBuildFile; fileRef = 8670E38F1F45B3B900BC4A8F /* AppDelegate.m */; };
		8670E3931F45B3B900BC4A8F /* ViewController.m in Sources */ = {isa = PBXBuildFile; fileRef = 8670E3921F45B3B900BC4A8F /* ViewController.m */; };
		8670E3961F45B3B900BC4A8F /* Main.storyboard in Resources */ = {isa = PBXBuildFile; fileRef = 8670E3941F45B3B900BC4A8F /* Main.storyboard */; };
		8670E3981F45B3B900BC4A8F /* Assets.xcassets in Resources */ = {isa = PBXBuildFile; fileRef = 8670E3971F45B3B900BC4A8F /* Assets.xcassets */; };
		8670E39B1F45B3B900BC4A8F /* LaunchScreen.storyboard in Resources */ = {isa = PBXBuildFile; fileRef = 8670E3991F45B3B900BC4A8F /* LaunchScreen.storyboard */; };
		8670E3A61F45B3B900BC4A8F /* JsonTests.m in Sources */ = {isa = PBXBuildFile; fileRef = 8670E3A51F45B3B900BC4A8F /* JsonTests.m */; };
		8670E3B11F45B3B900BC4A8F /* JsonUITests.m in Sources */ = {isa = PBXBuildFile; fileRef = 8670E3B01F45B3B900BC4A8F /* JsonUITests.m */; };
/* End PBXBuildFile section */

/* Begin PBXContainerItemProxy section */
		8670E3A21F45B3B900BC4A8F /* PBXContainerItemProxy */ = {
			isa = PBXContainerItemProxy;
			containerPortal = 8670E3801F45B3B900BC4A8F /* Project object */;
			proxyType = 1;
			remoteGlobalIDString = 8670E3871F45B3B900BC4A8F;
			remoteInfo = Json;
		};
		8670E3AD1F45B3B900BC4A8F /* PBXContainerItemProxy */ = {
			isa = PBXContainerItemProxy;
			containerPortal = 8670E3801F45B3B900BC4A8F /* Project object */;
			proxyType = 1;
			remoteGlobalIDString = 8670E3871F45B3B900BC4A8F;
			remoteInfo = Json;
		};
/* End PBXContainerItemProxy section */

/* Begin PBXFileReference section */
		532490DF7A466057B75B6AD5 /* libPods-Json.a */ = {isa = PBXFileReference; explicitFileType = archive.ar; includeInIndex = 0; path = "libPods-Json.a"; sourceTree = BUILT_PRODUCTS_DIR; };
		8630E59B1F556D5C00C15467 /* JsonParserDemoModel.h */ = {isa = PBXFileReference; fileEncoding = 4; lastKnownFileType = sourcecode.c.h; name = JsonParserDemoModel.h; path = Json/JsonParserDemoModel.h; sourceTree = SOURCE_ROOT; };
		8630E59C1F556D5C00C15467 /* JsonParserDemoModel.m */ = {isa = PBXFileReference; fileEncoding = 4; lastKnownFileType = sourcecode.c.objc; name = JsonParserDemoModel.m; path = Json/JsonParserDemoModel.m; sourceTree = SOURCE_ROOT; };
		8630E5A01F55737E00C15467 /* JsonParser.h */ = {isa = PBXFileReference; fileEncoding = 4; lastKnownFileType = sourcecode.c.h; path = JsonParser.h; sourceTree = "<group>"; };
		8630E5A11F55737E00C15467 /* JsonParser.m */ = {isa = PBXFileReference; fileEncoding = 4; lastKnownFileType = sourcecode.c.objc; path = JsonParser.m; sourceTree = "<group>"; };
		8630E5A21F55737E00C15467 /* JsonParserFormat.h */ = {isa = PBXFileReference; fileEncoding = 4; lastKnownFileType = sourcecode.c.h; path = JsonParserFormat.h; sourceTree = "<group>"; };
		8630E5A31F55737E00C15467 /* JsonParserFormat.m */ = {isa = PBXFileReference; fileEncoding = 4; lastKnownFileType = sourcecode.c.objc; path = JsonParserFormat.m; sourceTree = "<group>"; };
		8630E5A41F55737E00C15467 /* JsonParseTool.h */ = {isa = PBXFileReference; fileEncoding = 4; lastKnownFileType = sourcecode.c.h; path = JsonParseTool.h; sourceTree = "<group>"; };
		8630E5A51F55737E00C15467 /* JsonParseTool.m */ = {isa = PBXFileReference; fileEncoding = 4; lastKnownFileType = sourcecode.c.objc; path = JsonParseTool.m; sourceTree = "<group>"; };
		8630E5A61F55737E00C15467 /* ParserDataModeProtocol.h */ = {isa = PBXFileReference; fileEncoding = 4; lastKnownFileType = sourcecode.c.h; path = ParserDataModeProtocol.h; sourceTree = "<group>"; };
		8630E5A81F55737E00C15467 /* JsonParserArrayValue.h */ = {isa = PBXFileReference; fileEncoding = 4; lastKnownFileType = sourcecode.c.h; path = JsonParserArrayValue.h; sourceTree = "<group>"; };
		8630E5A91F55737E00C15467 /* JsonParserArrayValue.m */ = {isa = PBXFileReference; fileEncoding = 4; lastKnownFileType = sourcecode.c.objc; path = JsonParserArrayValue.m; sourceTree = "<group>"; };
		8630E5AA1F55737E00C15467 /* JsonParserDicValue.h */ = {isa = PBXFileReference; fileEncoding = 4; lastKnownFileType = sourcecode.c.h; path = JsonParserDicValue.h; sourceTree = "<group>"; };
		8630E5AB1F55737E00C15467 /* JsonParserDicValue.m */ = {isa = PBXFileReference; fileEncoding = 4; lastKnownFileType = sourcecode.c.objc; path = JsonParserDicValue.m; sourceTree = "<group>"; };
		8630E5AC1F55737E00C15467 /* JsonParserNumberValue.h */ = {isa = PBXFileReference; fileEncoding = 4; lastKnownFileType = sourcecode.c.h; path = JsonParserNumberValue.h; sourceTree = "<group>"; };
		8630E5AD1F55737E00C15467 /* JsonParserNumberValue.m */ = {isa = PBXFileReference; fileEncoding = 4; lastKnownFileType = sourcecode.c.objc; path = JsonParserNumberValue.m; sourceTree = "<group>"; };
		8630E5AE1F55737E00C15467 /* JsonParserStringBooleanBoolValue.h */ = {isa = PBXFileReference; fileEncoding = 4; lastKnownFileType = sourcecode.c.h; path = JsonParserStringBooleanBoolValue.h; sourceTree = "<group>"; };
		8630E5AF1F55737E00C15467 /* JsonParserStringBooleanBoolValue.m */ = {isa = PBXFileReference; fileEncoding = 4; lastKnownFileType = sourcecode.c.objc; path = JsonParserStringBooleanBoolValue.m; sourceTree = "<group>"; };
		8630E5B01F55737E00C15467 /* JsonParserStringIntergeValue.h */ = {isa = PBXFileReference; fileEncoding = 4; lastKnownFileType = sourcecode.c.h; path = JsonParserStringIntergeValue.h; sourceTree = "<group>"; };
		8630E5B11F55737E00C15467 /* JsonParserStringIntergeValue.m */ = {isa = PBXFileReference; fileEncoding = 4; lastKnownFileType = sourcecode.c.objc; path = JsonParserStringIntergeValue.m; sourceTree = "<group>"; };
		8630E5B21F55737E00C15467 /* JsonParserStringNumberBoolValue.h */ = {isa = PBXFileReference; fileEncoding = 4; lastKnownFileType = sourcecode.c.h; path = JsonParserStringNumberBoolValue.h; sourceTree = "<group>"; };
		8630E5B31F55737E00C15467 /* JsonParserStringNumberBoolValue.m */ = {isa = PBXFileReference; fileEncoding = 4; lastKnownFileType = sourcecode.c.objc; path = JsonParserStringNumberBoolValue.m; sourceTree = "<group>"; };
		8630E5B41F55737E00C15467 /* JsonParserStringValue.h */ = {isa = PBXFileReference; fileEncoding = 4; lastKnownFileType = sourcecode.c.h; path = JsonParserStringValue.h; sourceTree = "<group>"; };
		8630E5B51F55737E00C15467 /* JsonParserStringValue.m */ = {isa = PBXFileReference; fileEncoding = 4; lastKnownFileType = sourcecode.c.objc; path = JsonParserStringValue.m; sourceTree = "<group>"; };
		8630E5B61F55737E00C15467 /* JsonParserValueProcess.h */ = {isa = PBXFileReference; fileEncoding = 4; lastKnownFileType = sourcecode.c.h; path = JsonParserValueProcess.h; sourceTree = "<group>"; };
		8630E5B71F55737E00C15467 /* JsonParserValueProcess.m */ = {isa = PBXFileReference; fileEncoding = 4; lastKnownFileType = sourcecode.c.objc; path = JsonParserValueProcess.m; sourceTree = "<group>"; };
		8630E5B81F55737E00C15467 /* JsonParserValueProcessProtocol.h */ = {isa = PBXFileReference; fileEncoding = 4; lastKnownFileType = sourcecode.c.h; path = JsonParserValueProcessProtocol.h; sourceTree = "<group>"; };
		8670E3881F45B3B900BC4A8F /* Json.app */ = {isa = PBXFileReference; explicitFileType = wrapper.application; includeInIndex = 0; path = Json.app; sourceTree = BUILT_PRODUCTS_DIR; };
		8670E38C1F45B3B900BC4A8F /* main.m */ = {isa = PBXFileReference; lastKnownFileType = sourcecode.c.objc; path = main.m; sourceTree = "<group>"; };
		8670E38E1F45B3B900BC4A8F /* AppDelegate.h */ = {isa = PBXFileReference; lastKnownFileType = sourcecode.c.h; path = AppDelegate.h; sourceTree = "<group>"; };
		8670E38F1F45B3B900BC4A8F /* AppDelegate.m */ = {isa = PBXFileReference; lastKnownFileType = sourcecode.c.objc; path = AppDelegate.m; sourceTree = "<group>"; };
		8670E3911F45B3B900BC4A8F /* ViewController.h */ = {isa = PBXFileReference; lastKnownFileType = sourcecode.c.h; path = ViewController.h; sourceTree = "<group>"; };
		8670E3921F45B3B900BC4A8F /* ViewController.m */ = {isa = PBXFileReference; lastKnownFileType = sourcecode.c.objc; path = ViewController.m; sourceTree = "<group>"; };
		8670E3951F45B3B900BC4A8F /* Base */ = {isa = PBXFileReference; lastKnownFileType = file.storyboard; name = Base; path = Base.lproj/Main.storyboard; sourceTree = "<group>"; };
		8670E3971F45B3B900BC4A8F /* Assets.xcassets */ = {isa = PBXFileReference; lastKnownFileType = folder.assetcatalog; path = Assets.xcassets; sourceTree = "<group>"; };
		8670E39A1F45B3B900BC4A8F /* Base */ = {isa = PBXFileReference; lastKnownFileType = file.storyboard; name = Base; path = Base.lproj/LaunchScreen.storyboard; sourceTree = "<group>"; };
		8670E39C1F45B3B900BC4A8F /* Info.plist */ = {isa = PBXFileReference; lastKnownFileType = text.plist.xml; path = Info.plist; sourceTree = "<group>"; };
		8670E3A11F45B3B900BC4A8F /* JsonTests.xctest */ = {isa = PBXFileReference; explicitFileType = wrapper.cfbundle; includeInIndex = 0; path = JsonTests.xctest; sourceTree = BUILT_PRODUCTS_DIR; };
		8670E3A51F45B3B900BC4A8F /* JsonTests.m */ = {isa = PBXFileReference; lastKnownFileType = sourcecode.c.objc; path = JsonTests.m; sourceTree = "<group>"; };
		8670E3A71F45B3B900BC4A8F /* Info.plist */ = {isa = PBXFileReference; lastKnownFileType = text.plist.xml; path = Info.plist; sourceTree = "<group>"; };
		8670E3AC1F45B3B900BC4A8F /* JsonUITests.xctest */ = {isa = PBXFileReference; explicitFileType = wrapper.cfbundle; includeInIndex = 0; path = JsonUITests.xctest; sourceTree = BUILT_PRODUCTS_DIR; };
		8670E3B01F45B3B900BC4A8F /* JsonUITests.m */ = {isa = PBXFileReference; lastKnownFileType = sourcecode.c.objc; path = JsonUITests.m; sourceTree = "<group>"; };
		8670E3B21F45B3B900BC4A8F /* Info.plist */ = {isa = PBXFileReference; lastKnownFileType = text.plist.xml; path = Info.plist; sourceTree = "<group>"; };
		8679C8CF1F50164C00814249 /* libz.tbd */ = {isa = PBXFileReference; lastKnownFileType = "sourcecode.text-based-dylib-definition"; name = libz.tbd; path = usr/lib/libz.tbd; sourceTree = SDKROOT; };
		8679C8D11F50165500814249 /* libiconv.tbd */ = {isa = PBXFileReference; lastKnownFileType = "sourcecode.text-based-dylib-definition"; name = libiconv.tbd; path = usr/lib/libiconv.tbd; sourceTree = SDKROOT; };
		B4B133D95CC386BE5D2B377D /* Pods-Json.release.xcconfig */ = {isa = PBXFileReference; includeInIndex = 1; lastKnownFileType = text.xcconfig; name = "Pods-Json.release.xcconfig"; path = "Pods/Target Support Files/Pods-Json/Pods-Json.release.xcconfig"; sourceTree = "<group>"; };
		FFCB3257F684FD3AD029A79B /* Pods-Json.debug.xcconfig */ = {isa = PBXFileReference; includeInIndex = 1; lastKnownFileType = text.xcconfig; name = "Pods-Json.debug.xcconfig"; path = "Pods/Target Support Files/Pods-Json/Pods-Json.debug.xcconfig"; sourceTree = "<group>"; };
/* End PBXFileReference section */

/* Begin PBXFrameworksBuildPhase section */
		8670E3851F45B3B900BC4A8F /* Frameworks */ = {
			isa = PBXFrameworksBuildPhase;
			buildActionMask = 2147483647;
			files = (
			);
			runOnlyForDeploymentPostprocessing = 0;
		};
		8670E39E1F45B3B900BC4A8F /* Frameworks */ = {
			isa = PBXFrameworksBuildPhase;
			buildActionMask = 2147483647;
			files = (
			);
			runOnlyForDeploymentPostprocessing = 0;
		};
		8670E3A91F45B3B900BC4A8F /* Frameworks */ = {
			isa = PBXFrameworksBuildPhase;
			buildActionMask = 2147483647;
			files = (
			);
			runOnlyForDeploymentPostprocessing = 0;
		};
/* End PBXFrameworksBuildPhase section */

/* Begin PBXGroup section */
		3FCFF51C16FF720A9EDA02A3 /* Pods */ = {
			isa = PBXGroup;
			children = (
				FFCB3257F684FD3AD029A79B /* Pods-Json.debug.xcconfig */,
				B4B133D95CC386BE5D2B377D /* Pods-Json.release.xcconfig */,
			);
			name = Pods;
			sourceTree = "<group>";
		};
		8630E59E1F556D6200C15467 /* Demo */ = {
			isa = PBXGroup;
			children = (
				8630E59B1F556D5C00C15467 /* JsonParserDemoModel.h */,
				8630E59C1F556D5C00C15467 /* JsonParserDemoModel.m */,
			);
			name = Demo;
			path = JsonParse;
			sourceTree = "<group>";
		};
		8630E59F1F55737E00C15467 /* JsonParser */ = {
			isa = PBXGroup;
			children = (
				8630E5A71F55737E00C15467 /* ValueProcess */,
				8630E5A01F55737E00C15467 /* JsonParser.h */,
				8630E5A11F55737E00C15467 /* JsonParser.m */,
				8630E5A21F55737E00C15467 /* JsonParserFormat.h */,
				8630E5A31F55737E00C15467 /* JsonParserFormat.m */,
				8630E5A41F55737E00C15467 /* JsonParseTool.h */,
				8630E5A51F55737E00C15467 /* JsonParseTool.m */,
				8630E5A61F55737E00C15467 /* ParserDataModeProtocol.h */,
			);
			path = JsonParser;
			sourceTree = "<group>";
		};
		8630E5A71F55737E00C15467 /* ValueProcess */ = {
			isa = PBXGroup;
			children = (
				8630E5A81F55737E00C15467 /* JsonParserArrayValue.h */,
				8630E5A91F55737E00C15467 /* JsonParserArrayValue.m */,
				8630E5AA1F55737E00C15467 /* JsonParserDicValue.h */,
				8630E5AB1F55737E00C15467 /* JsonParserDicValue.m */,
				8630E5AC1F55737E00C15467 /* JsonParserNumberValue.h */,
				8630E5AD1F55737E00C15467 /* JsonParserNumberValue.m */,
				8630E5AE1F55737E00C15467 /* JsonParserStringBooleanBoolValue.h */,
				8630E5AF1F55737E00C15467 /* JsonParserStringBooleanBoolValue.m */,
				8630E5B01F55737E00C15467 /* JsonParserStringIntergeValue.h */,
				8630E5B11F55737E00C15467 /* JsonParserStringIntergeValue.m */,
				8630E5B21F55737E00C15467 /* JsonParserStringNumberBoolValue.h */,
				8630E5B31F55737E00C15467 /* JsonParserStringNumberBoolValue.m */,
				8630E5B41F55737E00C15467 /* JsonParserStringValue.h */,
				8630E5B51F55737E00C15467 /* JsonParserStringValue.m */,
				8630E5B61F55737E00C15467 /* JsonParserValueProcess.h */,
				8630E5B71F55737E00C15467 /* JsonParserValueProcess.m */,
				8630E5B81F55737E00C15467 /* JsonParserValueProcessProtocol.h */,
			);
			path = ValueProcess;
			sourceTree = "<group>";
		};
		8670E37F1F45B3B900BC4A8F = {
			isa = PBXGroup;
			children = (
				8670E38A1F45B3B900BC4A8F /* Json */,
				8670E3A41F45B3B900BC4A8F /* JsonTests */,
				8670E3AF1F45B3B900BC4A8F /* JsonUITests */,
				8670E3891F45B3B900BC4A8F /* Products */,
				3FCFF51C16FF720A9EDA02A3 /* Pods */,
				95D05AA67BCA508BD251D822 /* Frameworks */,
			);
			sourceTree = "<group>";
		};
		8670E3891F45B3B900BC4A8F /* Products */ = {
			isa = PBXGroup;
			children = (
				8670E3881F45B3B900BC4A8F /* Json.app */,
				8670E3A11F45B3B900BC4A8F /* JsonTests.xctest */,
				8670E3AC1F45B3B900BC4A8F /* JsonUITests.xctest */,
			);
			name = Products;
			sourceTree = "<group>";
		};
		8670E38A1F45B3B900BC4A8F /* Json */ = {
			isa = PBXGroup;
			children = (
				8630E59F1F55737E00C15467 /* JsonParser */,
				8630E59E1F556D6200C15467 /* Demo */,
				8670E38E1F45B3B900BC4A8F /* AppDelegate.h */,
				8670E38F1F45B3B900BC4A8F /* AppDelegate.m */,
				8670E3911F45B3B900BC4A8F /* ViewController.h */,
				8670E3921F45B3B900BC4A8F /* ViewController.m */,
				8670E3941F45B3B900BC4A8F /* Main.storyboard */,
				8670E3971F45B3B900BC4A8F /* Assets.xcassets */,
				8670E3991F45B3B900BC4A8F /* LaunchScreen.storyboard */,
				8670E39C1F45B3B900BC4A8F /* Info.plist */,
				8670E38B1F45B3B900BC4A8F /* Supporting Files */,
			);
			path = Json;
			sourceTree = "<group>";
		};
		8670E38B1F45B3B900BC4A8F /* Supporting Files */ = {
			isa = PBXGroup;
			children = (
				8670E38C1F45B3B900BC4A8F /* main.m */,
			);
			name = "Supporting Files";
			sourceTree = "<group>";
		};
		8670E3A41F45B3B900BC4A8F /* JsonTests */ = {
			isa = PBXGroup;
			children = (
				8670E3A51F45B3B900BC4A8F /* JsonTests.m */,
				8670E3A71F45B3B900BC4A8F /* Info.plist */,
			);
			path = JsonTests;
			sourceTree = "<group>";
		};
		8670E3AF1F45B3B900BC4A8F /* JsonUITests */ = {
			isa = PBXGroup;
			children = (
				8670E3B01F45B3B900BC4A8F /* JsonUITests.m */,
				8670E3B21F45B3B900BC4A8F /* Info.plist */,
			);
			path = JsonUITests;
			sourceTree = "<group>";
		};
		95D05AA67BCA508BD251D822 /* Frameworks */ = {
			isa = PBXGroup;
			children = (
				8679C8D11F50165500814249 /* libiconv.tbd */,
				8679C8CF1F50164C00814249 /* libz.tbd */,
				532490DF7A466057B75B6AD5 /* libPods-Json.a */,
			);
			name = Frameworks;
			sourceTree = "<group>";
		};
/* End PBXGroup section */

/* Begin PBXNativeTarget section */
		8670E3871F45B3B900BC4A8F /* Json */ = {
			isa = PBXNativeTarget;
			buildConfigurationList = 8670E3B51F45B3B900BC4A8F /* Build configuration list for PBXNativeTarget "Json" */;
			buildPhases = (
				8670E3841F45B3B900BC4A8F /* Sources */,
				8670E3851F45B3B900BC4A8F /* Frameworks */,
				8670E3861F45B3B900BC4A8F /* Resources */,
			);
			buildRules = (
			);
			dependencies = (
			);
			name = Json;
			productName = Json;
			productReference = 8670E3881F45B3B900BC4A8F /* Json.app */;
			productType = "com.apple.product-type.application";
		};
		8670E3A01F45B3B900BC4A8F /* JsonTests */ = {
			isa = PBXNativeTarget;
			buildConfigurationList = 8670E3B81F45B3B900BC4A8F /* Build configuration list for PBXNativeTarget "JsonTests" */;
			buildPhases = (
				8670E39D1F45B3B900BC4A8F /* Sources */,
				8670E39E1F45B3B900BC4A8F /* Frameworks */,
				8670E39F1F45B3B900BC4A8F /* Resources */,
			);
			buildRules = (
			);
			dependencies = (
				8670E3A31F45B3B900BC4A8F /* PBXTargetDependency */,
			);
			name = JsonTests;
			productName = JsonTests;
			productReference = 8670E3A11F45B3B900BC4A8F /* JsonTests.xctest */;
			productType = "com.apple.product-type.bundle.unit-test";
		};
		8670E3AB1F45B3B900BC4A8F /* JsonUITests */ = {
			isa = PBXNativeTarget;
			buildConfigurationList = 8670E3BB1F45B3B900BC4A8F /* Build configuration list for PBXNativeTarget "JsonUITests" */;
			buildPhases = (
				8670E3A81F45B3B900BC4A8F /* Sources */,
				8670E3A91F45B3B900BC4A8F /* Frameworks */,
				8670E3AA1F45B3B900BC4A8F /* Resources */,
			);
			buildRules = (
			);
			dependencies = (
				8670E3AE1F45B3B900BC4A8F /* PBXTargetDependency */,
			);
			name = JsonUITests;
			productName = JsonUITests;
			productReference = 8670E3AC1F45B3B900BC4A8F /* JsonUITests.xctest */;
			productType = "com.apple.product-type.bundle.ui-testing";
		};
/* End PBXNativeTarget section */

/* Begin PBXProject section */
		8670E3801F45B3B900BC4A8F /* Project object */ = {
			isa = PBXProject;
			attributes = {
				LastUpgradeCheck = 0830;
				ORGANIZATIONNAME = "flamegrace@hotmail.com";
				TargetAttributes = {
					8670E3871F45B3B900BC4A8F = {
						CreatedOnToolsVersion = 8.3.3;
						DevelopmentTeam = PK25G5QCH4;
						ProvisioningStyle = Automatic;
					};
					8670E3A01F45B3B900BC4A8F = {
						CreatedOnToolsVersion = 8.3.3;
						DevelopmentTeam = PK25G5QCH4;
						ProvisioningStyle = Automatic;
						TestTargetID = 8670E3871F45B3B900BC4A8F;
					};
					8670E3AB1F45B3B900BC4A8F = {
						CreatedOnToolsVersion = 8.3.3;
						DevelopmentTeam = PK25G5QCH4;
						ProvisioningStyle = Automatic;
						TestTargetID = 8670E3871F45B3B900BC4A8F;
					};
				};
			};
			buildConfigurationList = 8670E3831F45B3B900BC4A8F /* Build configuration list for PBXProject "Json" */;
			compatibilityVersion = "Xcode 3.2";
			developmentRegion = English;
			hasScannedForEncodings = 0;
			knownRegions = (
				en,
				Base,
			);
			mainGroup = 8670E37F1F45B3B900BC4A8F;
			productRefGroup = 8670E3891F45B3B900BC4A8F /* Products */;
			projectDirPath = "";
			projectRoot = "";
			targets = (
				8670E3871F45B3B900BC4A8F /* Json */,
				8670E3A01F45B3B900BC4A8F /* JsonTests */,
				8670E3AB1F45B3B900BC4A8F /* JsonUITests */,
			);
		};
/* End PBXProject section */

/* Begin PBXResourcesBuildPhase section */
		8670E3861F45B3B900BC4A8F /* Resources */ = {
			isa = PBXResourcesBuildPhase;
			buildActionMask = 2147483647;
			files = (
				8670E39B1F45B3B900BC4A8F /* LaunchScreen.storyboard in Resources */,
				8670E3981F45B3B900BC4A8F /* Assets.xcassets in Resources */,
				8670E3961F45B3B900BC4A8F /* Main.storyboard in Resources */,
			);
			runOnlyForDeploymentPostprocessing = 0;
		};
		8670E39F1F45B3B900BC4A8F /* Resources */ = {
			isa = PBXResourcesBuildPhase;
			buildActionMask = 2147483647;
			files = (
			);
			runOnlyForDeploymentPostprocessing = 0;
		};
		8670E3AA1F45B3B900BC4A8F /* Resources */ = {
			isa = PBXResourcesBuildPhase;
			buildActionMask = 2147483647;
			files = (
			);
			runOnlyForDeploymentPostprocessing = 0;
		};
/* End PBXResourcesBuildPhase section */

/* Begin PBXSourcesBuildPhase section */
		8670E3841F45B3B900BC4A8F /* Sources */ = {
			isa = PBXSourcesBuildPhase;
			buildActionMask = 2147483647;
			files = (
				8670E3931F45B3B900BC4A8F /* ViewController.m in Sources */,
				8630E5C31F55737E00C15467 /* JsonParserValueProcess.m in Sources */,
				8630E5BD1F55737E00C15467 /* JsonParserDicValue.m in Sources */,
				8630E5BB1F55737E00C15467 /* JsonParseTool.m in Sources */,
				8630E5BE1F55737E00C15467 /* JsonParserNumberValue.m in Sources */,
				8670E3901F45B3B900BC4A8F /* AppDelegate.m in Sources */,
				8630E5B91F55737E00C15467 /* JsonParser.m in Sources */,
				8630E5C01F55737E00C15467 /* JsonParserStringIntergeValue.m in Sources */,
				8630E5BC1F55737E00C15467 /* JsonParserArrayValue.m in Sources */,
				8630E5BF1F55737E00C15467 /* JsonParserStringBooleanBoolValue.m in Sources */,
				8630E5BA1F55737E00C15467 /* JsonParserFormat.m in Sources */,
				8670E38D1F45B3B900BC4A8F /* main.m in Sources */,
				8630E5C11F55737E00C15467 /* JsonParserStringNumberBoolValue.m in Sources */,
				8630E59D1F556D5C00C15467 /* JsonParserDemoModel.m in Sources */,
				8630E5C21F55737E00C15467 /* JsonParserStringValue.m in Sources */,
			);
			runOnlyForDeploymentPostprocessing = 0;
		};
		8670E39D1F45B3B900BC4A8F /* Sources */ = {
			isa = PBXSourcesBuildPhase;
			buildActionMask = 2147483647;
			files = (
				8670E3A61F45B3B900BC4A8F /* JsonTests.m in Sources */,
			);
			runOnlyForDeploymentPostprocessing = 0;
		};
		8670E3A81F45B3B900BC4A8F /* Sources */ = {
			isa = PBXSourcesBuildPhase;
			buildActionMask = 2147483647;
			files = (
				8670E3B11F45B3B900BC4A8F /* JsonUITests.m in Sources */,
			);
			runOnlyForDeploymentPostprocessing = 0;
		};
/* End PBXSourcesBuildPhase section */

/* Begin PBXTargetDependency section */
		8670E3A31F45B3B900BC4A8F /* PBXTargetDependency */ = {
			isa = PBXTargetDependency;
			target = 8670E3871F45B3B900BC4A8F /* Json */;
			targetProxy = 8670E3A21F45B3B900BC4A8F /* PBXContainerItemProxy */;
		};
		8670E3AE1F45B3B900BC4A8F /* PBXTargetDependency */ = {
			isa = PBXTargetDependency;
			target = 8670E3871F45B3B900BC4A8F /* Json */;
			targetProxy = 8670E3AD1F45B3B900BC4A8F /* PBXContainerItemProxy */;
		};
/* End PBXTargetDependency section */

/* Begin PBXVariantGroup section */
		8670E3941F45B3B900BC4A8F /* Main.storyboard */ = {
			isa = PBXVariantGroup;
			children = (
				8670E3951F45B3B900BC4A8F /* Base */,
			);
			name = Main.storyboard;
			sourceTree = "<group>";
		};
		8670E3991F45B3B900BC4A8F /* LaunchScreen.storyboard */ = {
			isa = PBXVariantGroup;
			children = (
				8670E39A1F45B3B900BC4A8F /* Base */,
			);
			name = LaunchScreen.storyboard;
			sourceTree = "<group>";
		};
/* End PBXVariantGroup section */

/* Begin XCBuildConfiguration section */
		8670E3B31F45B3B900BC4A8F /* Debug */ = {
			isa = XCBuildConfiguration;
			buildSettings = {
				ALWAYS_SEARCH_USER_PATHS = NO;
				CLANG_ANALYZER_NONNULL = YES;
				CLANG_ANALYZER_NUMBER_OBJECT_CONVERSION = YES_AGGRESSIVE;
				CLANG_CXX_LANGUAGE_STANDARD = "gnu++0x";
				CLANG_CXX_LIBRARY = "libc++";
				CLANG_ENABLE_MODULES = YES;
				CLANG_ENABLE_OBJC_ARC = YES;
				CLANG_WARN_BOOL_CONVERSION = YES;
				CLANG_WARN_CONSTANT_CONVERSION = YES;
				CLANG_WARN_DIRECT_OBJC_ISA_USAGE = YES_ERROR;
				CLANG_WARN_DOCUMENTATION_COMMENTS = YES;
				CLANG_WARN_EMPTY_BODY = YES;
				CLANG_WARN_ENUM_CONVERSION = YES;
				CLANG_WARN_INFINITE_RECURSION = YES;
				CLANG_WARN_INT_CONVERSION = YES;
				CLANG_WARN_OBJC_ROOT_CLASS = YES_ERROR;
				CLANG_WARN_SUSPICIOUS_MOVE = YES;
				CLANG_WARN_UNREACHABLE_CODE = YES;
				CLANG_WARN__DUPLICATE_METHOD_MATCH = YES;
				"CODE_SIGN_IDENTITY[sdk=iphoneos*]" = "iPhone Developer";
				COPY_PHASE_STRIP = NO;
				DEBUG_INFORMATION_FORMAT = dwarf;
				ENABLE_STRICT_OBJC_MSGSEND = YES;
				ENABLE_TESTABILITY = YES;
				GCC_C_LANGUAGE_STANDARD = gnu99;
				GCC_DYNAMIC_NO_PIC = NO;
				GCC_NO_COMMON_BLOCKS = YES;
				GCC_OPTIMIZATION_LEVEL = 0;
				GCC_PREPROCESSOR_DEFINITIONS = (
					"DEBUG=1",
					"$(inherited)",
				);
				GCC_WARN_64_TO_32_BIT_CONVERSION = YES;
				GCC_WARN_ABOUT_RETURN_TYPE = YES_ERROR;
				GCC_WARN_UNDECLARED_SELECTOR = YES;
				GCC_WARN_UNINITIALIZED_AUTOS = YES_AGGRESSIVE;
				GCC_WARN_UNUSED_FUNCTION = YES;
				GCC_WARN_UNUSED_VARIABLE = YES;
				IPHONEOS_DEPLOYMENT_TARGET = 10.3;
				MTL_ENABLE_DEBUG_INFO = YES;
				ONLY_ACTIVE_ARCH = YES;
				SDKROOT = iphoneos;
			};
			name = Debug;
		};
		8670E3B41F45B3B900BC4A8F /* Release */ = {
			isa = XCBuildConfiguration;
			buildSettings = {
				ALWAYS_SEARCH_USER_PATHS = NO;
				CLANG_ANALYZER_NONNULL = YES;
				CLANG_ANALYZER_NUMBER_OBJECT_CONVERSION = YES_AGGRESSIVE;
				CLANG_CXX_LANGUAGE_STANDARD = "gnu++0x";
				CLANG_CXX_LIBRARY = "libc++";
				CLANG_ENABLE_MODULES = YES;
				CLANG_ENABLE_OBJC_ARC = YES;
				CLANG_WARN_BOOL_CONVERSION = YES;
				CLANG_WARN_CONSTANT_CONVERSION = YES;
				CLANG_WARN_DIRECT_OBJC_ISA_USAGE = YES_ERROR;
				CLANG_WARN_DOCUMENTATION_COMMENTS = YES;
				CLANG_WARN_EMPTY_BODY = YES;
				CLANG_WARN_ENUM_CONVERSION = YES;
				CLANG_WARN_INFINITE_RECURSION = YES;
				CLANG_WARN_INT_CONVERSION = YES;
				CLANG_WARN_OBJC_ROOT_CLASS = YES_ERROR;
				CLANG_WARN_SUSPICIOUS_MOVE = YES;
				CLANG_WARN_UNREACHABLE_CODE = YES;
				CLANG_WARN__DUPLICATE_METHOD_MATCH = YES;
				"CODE_SIGN_IDENTITY[sdk=iphoneos*]" = "iPhone Developer";
				COPY_PHASE_STRIP = NO;
				DEBUG_INFORMATION_FORMAT = "dwarf-with-dsym";
				ENABLE_NS_ASSERTIONS = NO;
				ENABLE_STRICT_OBJC_MSGSEND = YES;
				GCC_C_LANGUAGE_STANDARD = gnu99;
				GCC_NO_COMMON_BLOCKS = YES;
				GCC_WARN_64_TO_32_BIT_CONVERSION = YES;
				GCC_WARN_ABOUT_RETURN_TYPE = YES_ERROR;
				GCC_WARN_UNDECLARED_SELECTOR = YES;
				GCC_WARN_UNINITIALIZED_AUTOS = YES_AGGRESSIVE;
				GCC_WARN_UNUSED_FUNCTION = YES;
				GCC_WARN_UNUSED_VARIABLE = YES;
				IPHONEOS_DEPLOYMENT_TARGET = 10.3;
				MTL_ENABLE_DEBUG_INFO = NO;
				SDKROOT = iphoneos;
				VALIDATE_PRODUCT = YES;
			};
			name = Release;
		};
		8670E3B61F45B3B900BC4A8F /* Debug */ = {
			isa = XCBuildConfiguration;
			baseConfigurationReference = FFCB3257F684FD3AD029A79B /* Pods-Json.debug.xcconfig */;
			buildSettings = {
				ASSETCATALOG_COMPILER_APPICON_NAME = AppIcon;
				DEVELOPMENT_TEAM = PK25G5QCH4;
				ENABLE_BITCODE = NO;
				FRAMEWORK_SEARCH_PATHS = (
					"$(inherited)",
					"$(PROJECT_DIR)/Json",
				);
				HEADER_SEARCH_PATHS = (
					"\"$(SDKROOT)/usr/include/libxml2\"",
					"$(inherited)",
				);
				INFOPLIST_FILE = Json/Info.plist;
				IPHONEOS_DEPLOYMENT_TARGET = 8.0;
				LD_RUNPATH_SEARCH_PATHS = "$(inherited) @executable_path/Frameworks";
				OTHER_LDFLAGS = (
					"$(inherited)",
					"-ObjC",
					"-framework",
					"\"CFNetwork\"",
					"-framework",
					"\"Security\"",
				);
				PRODUCT_BUNDLE_IDENTIFIER = com.flamegrace.demo.Json;
				PRODUCT_NAME = "$(TARGET_NAME)";
			};
			name = Debug;
		};
		8670E3B71F45B3B900BC4A8F /* Release */ = {
			isa = XCBuildConfiguration;
			baseConfigurationReference = B4B133D95CC386BE5D2B377D /* Pods-Json.release.xcconfig */;
			buildSettings = {
				ASSETCATALOG_COMPILER_APPICON_NAME = AppIcon;
				DEVELOPMENT_TEAM = PK25G5QCH4;
				ENABLE_BITCODE = NO;
				FRAMEWORK_SEARCH_PATHS = (
					"$(inherited)",
					"$(PROJECT_DIR)/Json",
				);
				HEADER_SEARCH_PATHS = (
					"\"$(SDKROOT)/usr/include/libxml2\"",
					"$(inherited)",
				);
				INFOPLIST_FILE = Json/Info.plist;
				IPHONEOS_DEPLOYMENT_TARGET = 8.0;
				LD_RUNPATH_SEARCH_PATHS = "$(inherited) @executable_path/Frameworks";
				OTHER_LDFLAGS = (
					"$(inherited)",
					"-ObjC",
					"-framework",
					"\"CFNetwork\"",
					"-framework",
					"\"Security\"",
				);
				PRODUCT_BUNDLE_IDENTIFIER = com.flamegrace.demo.Json;
				PRODUCT_NAME = "$(TARGET_NAME)";
			};
			name = Release;
		};
		8670E3B91F45B3B900BC4A8F /* Debug */ = {
			isa = XCBuildConfiguration;
			buildSettings = {
				BUNDLE_LOADER = "$(TEST_HOST)";
				DEVELOPMENT_TEAM = PK25G5QCH4;
				INFOPLIST_FILE = JsonTests/Info.plist;
				LD_RUNPATH_SEARCH_PATHS = "$(inherited) @executable_path/Frameworks @loader_path/Frameworks";
				PRODUCT_BUNDLE_IDENTIFIER = com.flamegrace.demo.JsonTests;
				PRODUCT_NAME = "$(TARGET_NAME)";
				TEST_HOST = "$(BUILT_PRODUCTS_DIR)/Json.app/Json";
			};
			name = Debug;
		};
		8670E3BA1F45B3B900BC4A8F /* Release */ = {
			isa = XCBuildConfiguration;
			buildSettings = {
				BUNDLE_LOADER = "$(TEST_HOST)";
				DEVELOPMENT_TEAM = PK25G5QCH4;
				INFOPLIST_FILE = JsonTests/Info.plist;
				LD_RUNPATH_SEARCH_PATHS = "$(inherited) @executable_path/Frameworks @loader_path/Frameworks";
				PRODUCT_BUNDLE_IDENTIFIER = com.flamegrace.demo.JsonTests;
				PRODUCT_NAME = "$(TARGET_NAME)";
				TEST_HOST = "$(BUILT_PRODUCTS_DIR)/Json.app/Json";
			};
			name = Release;
		};
		8670E3BC1F45B3B900BC4A8F /* Debug */ = {
			isa = XCBuildConfiguration;
			buildSettings = {
				DEVELOPMENT_TEAM = PK25G5QCH4;
				INFOPLIST_FILE = JsonUITests/Info.plist;
				LD_RUNPATH_SEARCH_PATHS = "$(inherited) @executable_path/Frameworks @loader_path/Frameworks";
				PRODUCT_BUNDLE_IDENTIFIER = com.flamegrace.demo.JsonUITests;
				PRODUCT_NAME = "$(TARGET_NAME)";
				TEST_TARGET_NAME = Json;
			};
			name = Debug;
		};
		8670E3BD1F45B3B900BC4A8F /* Release */ = {
			isa = XCBuildConfiguration;
			buildSettings = {
				DEVELOPMENT_TEAM = PK25G5QCH4;
				INFOPLIST_FILE = JsonUITests/Info.plist;
				LD_RUNPATH_SEARCH_PATHS = "$(inherited) @executable_path/Frameworks @loader_path/Frameworks";
				PRODUCT_BUNDLE_IDENTIFIER = com.flamegrace.demo.JsonUITests;
				PRODUCT_NAME = "$(TARGET_NAME)";
				TEST_TARGET_NAME = Json;
			};
			name = Release;
		};
/* End XCBuildConfiguration section */

/* Begin XCConfigurationList section */
		8670E3831F45B3B900BC4A8F /* Build configuration list for PBXProject "Json" */ = {
			isa = XCConfigurationList;
			buildConfigurations = (
				8670E3B31F45B3B900BC4A8F /* Debug */,
				8670E3B41F45B3B900BC4A8F /* Release */,
			);
			defaultConfigurationIsVisible = 0;
			defaultConfigurationName = Release;
		};
		8670E3B51F45B3B900BC4A8F /* Build configuration list for PBXNativeTarget "Json" */ = {
			isa = XCConfigurationList;
			buildConfigurations = (
				8670E3B61F45B3B900BC4A8F /* Debug */,
				8670E3B71F45B3B900BC4A8F /* Release */,
			);
			defaultConfigurationIsVisible = 0;
			defaultConfigurationName = Release;
		};
		8670E3B81F45B3B900BC4A8F /* Build configuration list for PBXNativeTarget "JsonTests" */ = {
			isa = XCConfigurationList;
			buildConfigurations = (
				8670E3B91F45B3B900BC4A8F /* Debug */,
				8670E3BA1F45B3B900BC4A8F /* Release */,
			);
			defaultConfigurationIsVisible = 0;
			defaultConfigurationName = Release;
		};
		8670E3BB1F45B3B900BC4A8F /* Build configuration list for PBXNativeTarget "JsonUITests" */ = {
			isa = XCConfigurationList;
			buildConfigurations = (
				8670E3BC1F45B3B900BC4A8F /* Debug */,
				8670E3BD1F45B3B900BC4A8F /* Release */,
			);
			defaultConfigurationIsVisible = 0;
			defaultConfigurationName = Release;
		};
/* End XCConfigurationList section */
	};
	rootObject = 8670E3801F45B3B900BC4A8F /* Project object */;
}
